
Microsoft Visual Studio Solution File, Format Version 12.00
# Visual Studio Version 17
VisualStudioVersion = 17.9.34723.18
MinimumVisualStudioVersion = 10.0.40219.1
Project("{9A19103F-16F7-4668-BE54-9A1E7A4F7556}") = "HHVacancyAnalyzer.Core", "HHVacancyAnalyzer.Core\HHVacancyAnalyzer.Core.csproj", "{4751F37E-18B7-403E-BE62-B6357B9093E8}"
EndProject
Project("{FAE04EC0-301F-11D3-BF4B-00C04F79EFBC}") = "HHVacancy.Core.Data", "HHVacancy.Core.Data\HHVacancy.Core.Data.csproj", "{B3145CF3-5E73-4D05-BC47-6636F5426000}"
EndProject
Project("{FAE04EC0-301F-11D3-BF4B-00C04F79EFBC}") = "HHApi.App", "HHApi.App\HHApi.App.csproj", "{2BE68FC8-7296-4B75-A879-EF6C45707028}"
EndProject
Global
	GlobalSection(SolutionConfigurationPlatforms) = preSolution
		Debug|Any CPU = Debug|Any CPU
		Release|Any CPU = Release|Any CPU
	EndGlobalSection
	GlobalSection(ProjectConfigurationPlatforms) = postSolution
		{4751F37E-18B7-403E-BE62-B6357B9093E8}.Debug|Any CPU.ActiveCfg = Debug|Any CPU
		{4751F37E-18B7-403E-BE62-B6357B9093E8}.Debug|Any CPU.Build.0 = Debug|Any CPU
		{4751F37E-18B7-403E-BE62-B6357B9093E8}.Release|Any CPU.ActiveCfg = Release|Any CPU
		{4751F37E-18B7-403E-BE62-B6357B9093E8}.Release|Any CPU.Build.0 = Release|Any CPU
		{B3145CF3-5E73-4D05-BC47-6636F5426000}.Debug|Any CPU.ActiveCfg = Debug|Any CPU
		{B3145CF3-5E73-4D05-BC47-6636F5426000}.Debug|Any CPU.Build.0 = Debug|Any CPU
		{B3145CF3-5E73-4D05-BC47-6636F5426000}.Release|Any CPU.ActiveCfg = Release|Any CPU
		{B3145CF3-5E73-4D05-BC47-6636F5426000}.Release|Any CPU.Build.0 = Release|Any CPU
		{2BE68FC8-7296-4B75-A879-EF6C45707028}.Debug|Any CPU.ActiveCfg = Debug|Any CPU
		{2BE68FC8-7296-4B75-A879-EF6C45707028}.Debug|Any CPU.Build.0 = Debug|Any CPU
		{2BE68FC8-7296-4B75-A879-EF6C45707028}.Release|Any CPU.ActiveCfg = Release|Any CPU
		{2BE68FC8-7296-4B75-A879-EF6C45707028}.Release|Any CPU.Build.0 = Release|Any CPU
	EndGlobalSection
	GlobalSection(SolutionProperties) = preSolution
		HideSolutionNode = FALSE
	EndGlobalSection
	GlobalSection(ExtensibilityGlobals) = postSolution
		SolutionGuid = {C82141A1-8469-4732-AAFE-8277868CA1FC}
	EndGlobalSection
EndGlobal
